
Microsoft Visual Studio Solution File, Format Version 12.00
# Visual Studio Version 17
VisualStudioVersion = 17.5.33424.131
MinimumVisualStudioVersion = 10.0.40219.1
Project("{9A19103F-16F7-4668-BE54-9A1E7A4F7556}") = "gRPC Chat", "gRPC Chat.csproj", "{5DAB967B-4A19-4A12-B89B-379B97FF18CD}"
EndProject
Project("{FAE04EC0-301F-11D3-BF4B-00C04F79EFBC}") = "gRPC Chat Client", "..\gRPC Chat Client\gRPC Chat Client.csproj", "{AD1EA47D-6861-4707-9795-D887A35DC600}"
EndProject
Global
	GlobalSection(SolutionConfigurationPlatforms) = preSolution
		Debug|Any CPU = Debug|Any CPU
		Release|Any CPU = Release|Any CPU
	EndGlobalSection
	GlobalSection(ProjectConfigurationPlatforms) = postSolution
		{5DAB967B-4A19-4A12-B89B-379B97FF18CD}.Debug|Any CPU.ActiveCfg = Debug|Any CPU
		{5DAB967B-4A19-4A12-B89B-379B97FF18CD}.Debug|Any CPU.Build.0 = Debug|Any CPU
		{5DAB967B-4A19-4A12-B89B-379B97FF18CD}.Release|Any CPU.ActiveCfg = Release|Any CPU
		{5DAB967B-4A19-4A12-B89B-379B97FF18CD}.Release|Any CPU.Build.0 = Release|Any CPU
		{AD1EA47D-6861-4707-9795-D887A35DC600}.Debug|Any CPU.ActiveCfg = Debug|Any CPU
		{AD1EA47D-6861-4707-9795-D887A35DC600}.Debug|Any CPU.Build.0 = Debug|Any CPU
		{AD1EA47D-6861-4707-9795-D887A35DC600}.Release|Any CPU.ActiveCfg = Release|Any CPU
		{AD1EA47D-6861-4707-9795-D887A35DC600}.Release|Any CPU.Build.0 = Release|Any CPU
	EndGlobalSection
	GlobalSection(SolutionProperties) = preSolution
		HideSolutionNode = FALSE
	EndGlobalSection
	GlobalSection(ExtensibilityGlobals) = postSolution
		SolutionGuid = {520166C7-C70C-4C8F-809C-FC64581BEA22}
	EndGlobalSection
EndGlobal
